{
  "name": "opfs_blob_store",
  "version": "0.0.1",
  "lockfileVersion": 3,
  "requires": true,
  "packages": {
    "": {
      "name": "opfs_blob_store",
      "version": "0.0.1",
      "license": "MIT",
      "dependencies": {
        "jssha": "^3.3.1"
      }
    },
    "node_modules/jssha": {
      "version": "3.3.1",
      "resolved": "https://registry.npmjs.org/jssha/-/jssha-3.3.1.tgz",
      "integrity": "sha512-VCMZj12FCFMQYcFLPRm/0lOBbLi8uM2BhXPTqw3U4YAfs4AZfiApOoBLoN8cQE60Z50m1MYMTQVCfgF/KaCVhQ==",
      "license": "BSD-3-Clause",
      "engines": {
        "node": "*"
      }
    }
  }
}
